{
  "nodes": {
    "flake-utils": {
      "locked": {
        "lastModified": 1644229661,
        "narHash": "sha256-1YdnJAsNy69bpcjuoKdOYQX0YxZBiCYZo4Twxerqv7k=",
        "owner": "numtide",
        "repo": "flake-utils",
        "rev": "3cecb5b042f7f209c56ffd8371b2711a290ec797",
        "type": "github"
      },
      "original": {
        "owner": "numtide",
        "repo": "flake-utils",
        "rev": "3cecb5b042f7f209c56ffd8371b2711a290ec797",
        "type": "github"
      }
    },
    "nixpkgs": {
      "locked": {
        "lastModified": 1644579682,
        "narHash": "sha256-u4f5KQvK8vrhiYFcqHCVYxGGiCrKpRqxkn2S3QOprd8=",
        "owner": "nixos",
        "repo": "nixpkgs",
        "rev": "ec7d9d4c182c54acd649674cf1023d40a0539eb7",
        "type": "github"
      },
      "original": {
        "owner": "nixos",
        "repo": "nixpkgs",
        "rev": "ec7d9d4c182c54acd649674cf1023d40a0539eb7",
        "type": "github"
      }
    },
    "root": {
      "inputs": {
        "flake-utils": "flake-utils",
        "nixpkgs": "nixpkgs"
      }
    }
  },
  "root": "root",
  "version": 7
}
