{
  "nodes": {
    "crane": {
      "inputs": {
        "flake-compat": "flake-compat",
        "flake-utils": [
          "flake-utils"
        ],
        "nixpkgs": [
          "nixpkgs"
        ]
      },
      "locked": {
        "lastModified": 1660447363,
        "narHash": "sha256-Y1OtGWEb0bgFlp9YULaiYcgfEoHVIz1NuXwzlFZ/0HE=",
        "owner": "ipetkov",
        "repo": "crane",
        "rev": "5548a68f5d4d60a2315ab1232e6fba5528e71dc8",
        "type": "github"
      },
      "original": {
        "owner": "ipetkov",
        "repo": "crane",
        "type": "github"
      }
    },
    "flake-compat": {
      "flake": false,
      "locked": {
        "lastModified": 1650374568,
        "narHash": "sha256-Z+s0J8/r907g149rllvwhb4pKi8Wam5ij0st8PwAh+E=",
        "owner": "edolstra",
        "repo": "flake-compat",
        "rev": "b4a34015c698c7793d592d66adbab377907a2be8",
        "type": "github"
      },
      "original": {
        "owner": "edolstra",
        "repo": "flake-compat",
        "type": "github"
      }
    },
    "flake-utils": {
      "locked": {
        "lastModified": 1659877975,
        "narHash": "sha256-zllb8aq3YO3h8B/U0/J1WBgAL8EX5yWf5pMj3G0NAmc=",
        "owner": "numtide",
        "repo": "flake-utils",
        "rev": "c0e246b9b83f637f4681389ecabcb2681b4f3af0",
        "type": "github"
      },
      "original": {
        "owner": "numtide",
        "repo": "flake-utils",
        "type": "github"
      }
    },
    "nix-npm-buildpackage": {
      "inputs": {
        "nixpkgs": [
          "nixpkgs"
        ]
      },
      "locked": {
        "lastModified": 1654787802,
        "narHash": "sha256-53wPtqRsiaR8e3njRHZbO4lPX1W9hHdTarHEx6gE/s0=",
        "owner": "serokell",
        "repo": "nix-npm-buildpackage",
        "rev": "ec9a825ad4a6f1fb2d6bb8371be827c9c8bf5b80",
        "type": "github"
      },
      "original": {
        "owner": "serokell",
        "repo": "nix-npm-buildpackage",
        "type": "github"
      }
    },
    "nixpkgs": {
      "locked": {
        "lastModified": 1660196186,
        "narHash": "sha256-A7GzG9HA7MJs/OQlg5F0jeHCv91PeQVTwjznVgYK2sM=",
        "owner": "NixOS",
        "repo": "nixpkgs",
        "rev": "aaa1c973c8c189195e1b1a702d3b74dbcde91538",
        "type": "github"
      },
      "original": {
        "owner": "NixOS",
        "ref": "nixpkgs-unstable",
        "repo": "nixpkgs",
        "type": "github"
      }
    },
    "root": {
      "inputs": {
        "crane": "crane",
        "flake-utils": "flake-utils",
        "nix-npm-buildpackage": "nix-npm-buildpackage",
        "nixpkgs": "nixpkgs",
        "rust-overlay": "rust-overlay"
      }
    },
    "rust-overlay": {
      "inputs": {
        "flake-utils": [
          "flake-utils"
        ],
        "nixpkgs": [
          "nixpkgs"
        ]
      },
      "locked": {
        "lastModified": 1660185829,
        "narHash": "sha256-JY/ElZP+wed3WCvSuFOGWqJhcEM6ftTrQCM32rX9u+M=",
        "owner": "oxalica",
        "repo": "rust-overlay",
        "rev": "68d7ebf4eb7e013c9123df96e22ab71a393a5f52",
        "type": "github"
      },
      "original": {
        "owner": "oxalica",
        "repo": "rust-overlay",
        "type": "github"
      }
    }
  },
  "root": "root",
  "version": 7
}
