{
  "nodes": {
    "nixpkgs": {
      "locked": {
        "lastModified": 1660196186,
        "narHash": "sha256-A7GzG9HA7MJs/OQlg5F0jeHCv91PeQVTwjznVgYK2sM=",
        "owner": "NixOS",
        "repo": "nixpkgs",
        "rev": "aaa1c973c8c189195e1b1a702d3b74dbcde91538",
        "type": "github"
      },
      "original": {
        "owner": "NixOS",
        "ref": "nixpkgs-unstable",
        "repo": "nixpkgs",
        "type": "github"
      }
    },
    "root": {
      "inputs": {
        "nixpkgs": "nixpkgs"
      }
    }
  },
  "root": "root",
  "version": 7
}
